
Microsoft Visual Studio Solution File, Format Version 12.00
# Visual Studio Version 17
VisualStudioVersion = 17.9.34728.123
MinimumVisualStudioVersion = 10.0.40219.1
Project("{2150E333-8FDC-42A3-9474-1A3956D46DE8}") = "src", "src", "{2DB87184-A81A-4D51-86C4-60F798590B76}"
EndProject
Project("{2150E333-8FDC-42A3-9474-1A3956D46DE8}") = "test", "test", "{AFF9D355-EAFA-448C-9671-933B2083EFF6}"
EndProject
Project("{2150E333-8FDC-42A3-9474-1A3956D46DE8}") = "API", "API", "{B9626EB0-F748-45F4-BC17-39FE147D7538}"
EndProject
Project("{9A19103F-16F7-4668-BE54-9A1E7A4F7556}") = "RealEstateBackend.API", "RealEstateBackend.API\RealEstateBackend.API.csproj", "{9F7D844F-31DD-4E39-9F4F-BBD1A3769F9E}"
EndProject
Global
	GlobalSection(SolutionConfigurationPlatforms) = preSolution
		Debug|Any CPU = Debug|Any CPU
		Release|Any CPU = Release|Any CPU
	EndGlobalSection
	GlobalSection(ProjectConfigurationPlatforms) = postSolution
		{9F7D844F-31DD-4E39-9F4F-BBD1A3769F9E}.Debug|Any CPU.ActiveCfg = Debug|Any CPU
		{9F7D844F-31DD-4E39-9F4F-BBD1A3769F9E}.Debug|Any CPU.Build.0 = Debug|Any CPU
		{9F7D844F-31DD-4E39-9F4F-BBD1A3769F9E}.Release|Any CPU.ActiveCfg = Release|Any CPU
		{9F7D844F-31DD-4E39-9F4F-BBD1A3769F9E}.Release|Any CPU.Build.0 = Release|Any CPU
	EndGlobalSection
	GlobalSection(SolutionProperties) = preSolution
		HideSolutionNode = FALSE
	EndGlobalSection
	GlobalSection(NestedProjects) = preSolution
		{B9626EB0-F748-45F4-BC17-39FE147D7538} = {2DB87184-A81A-4D51-86C4-60F798590B76}
		{9F7D844F-31DD-4E39-9F4F-BBD1A3769F9E} = {B9626EB0-F748-45F4-BC17-39FE147D7538}
	EndGlobalSection
EndGlobal
